// !$*UTF8*$!
{
	archiveVersion = 1;
	classes = {
	};
	objectVersion = 55;
	objects = {

/* Begin PBXBuildFile section */
		E0B66012278E117000728020 /* HintUsageFacade.swift in Sources */ = {isa = PBXBuildFile; fileRef = E0B66011278E117000728020 /* HintUsageFacade.swift */; };
		E0B66014278E14BA00728020 /* HintUsedFacade.swift in Sources */ = {isa = PBXBuildFile; fileRef = E0B66013278E14BA00728020 /* HintUsedFacade.swift */; };
		E0F29A0027725E72000E91AC /* AppDelegate.swift in Sources */ = {isa = PBXBuildFile; fileRef = E0F299FF27725E72000E91AC /* AppDelegate.swift */; };
		E0F29A0227725E72000E91AC /* SceneDelegate.swift in Sources */ = {isa = PBXBuildFile; fileRef = E0F29A0127725E72000E91AC /* SceneDelegate.swift */; };
		E0F29A0727725E72000E91AC /* Main.storyboard in Resources */ = {isa = PBXBuildFile; fileRef = E0F29A0527725E72000E91AC /* Main.storyboard */; };
		E0F29A0927725E74000E91AC /* Assets.xcassets in Resources */ = {isa = PBXBuildFile; fileRef = E0F29A0827725E74000E91AC /* Assets.xcassets */; };
		E0F29A0C27725E74000E91AC /* LaunchScreen.storyboard in Resources */ = {isa = PBXBuildFile; fileRef = E0F29A0A27725E74000E91AC /* LaunchScreen.storyboard */; };
		E0F29A1527725F3B000E91AC /* Question.swift in Sources */ = {isa = PBXBuildFile; fileRef = E0F29A1427725F3B000E91AC /* Question.swift */; };
		E0F29A1A277265C8000E91AC /* HomeViewController.swift in Sources */ = {isa = PBXBuildFile; fileRef = E0F29A18277265C8000E91AC /* HomeViewController.swift */; };
		E0F29A1B277265C8000E91AC /* HomeViewController.xib in Resources */ = {isa = PBXBuildFile; fileRef = E0F29A19277265C8000E91AC /* HomeViewController.xib */; };
		E0F29A1F27726B3F000E91AC /* UIColor+Extension.swift in Sources */ = {isa = PBXBuildFile; fileRef = E0F29A1E27726B3F000E91AC /* UIColor+Extension.swift */; };
		E0F29A21277274A6000E91AC /* Flow.swift in Sources */ = {isa = PBXBuildFile; fileRef = E0F29A20277274A6000E91AC /* Flow.swift */; };
		E0F29A23277274BB000E91AC /* Steps.swift in Sources */ = {isa = PBXBuildFile; fileRef = E0F29A22277274BB000E91AC /* Steps.swift */; };
		E0F29A25277276FA000E91AC /* GameFlow.swift in Sources */ = {isa = PBXBuildFile; fileRef = E0F29A24277276FA000E91AC /* GameFlow.swift */; };
		E0F29A2A27728040000E91AC /* GameViewController.swift in Sources */ = {isa = PBXBuildFile; fileRef = E0F29A2827728040000E91AC /* GameViewController.swift */; };
		E0F29A2B27728040000E91AC /* GameViewController.xib in Resources */ = {isa = PBXBuildFile; fileRef = E0F29A2927728040000E91AC /* GameViewController.xib */; };
		E0F29A2D2772889B000E91AC /* UIButton+Extention.swift in Sources */ = {isa = PBXBuildFile; fileRef = E0F29A2C2772889B000E91AC /* UIButton+Extention.swift */; };
		E0F29A2F27728BFE000E91AC /* UIImageView+Extention.swift in Sources */ = {isa = PBXBuildFile; fileRef = E0F29A2E27728BFE000E91AC /* UIImageView+Extention.swift */; };
		E0F29A4A2784C8A5000E91AC /* QuestionSource.swift in Sources */ = {isa = PBXBuildFile; fileRef = E0F29A492784C8A5000E91AC /* QuestionSource.swift */; };
		E0F29A4C27877D89000E91AC /* GameSession.swift in Sources */ = {isa = PBXBuildFile; fileRef = E0F29A4B27877D89000E91AC /* GameSession.swift */; };
		E0F29A4E27878027000E91AC /* Game.swift in Sources */ = {isa = PBXBuildFile; fileRef = E0F29A4D27878027000E91AC /* Game.swift */; };
		E0F29A5127878475000E91AC /* GameDelegate.swift in Sources */ = {isa = PBXBuildFile; fileRef = E0F29A5027878475000E91AC /* GameDelegate.swift */; };
		E0F29A532787862D000E91AC /* GameScene.swift in Sources */ = {isa = PBXBuildFile; fileRef = E0F29A522787862D000E91AC /* GameScene.swift */; };
		E0F29A57278836CB000E91AC /* InfoPopUpViewController.swift in Sources */ = {isa = PBXBuildFile; fileRef = E0F29A55278836CA000E91AC /* InfoPopUpViewController.swift */; };
		E0F29A58278836CB000E91AC /* InfoPopUpViewController.xib in Resources */ = {isa = PBXBuildFile; fileRef = E0F29A56278836CA000E91AC /* InfoPopUpViewController.xib */; };
		E0F29A5A278837A0000E91AC /* String+Extention.swift in Sources */ = {isa = PBXBuildFile; fileRef = E0F29A59278837A0000E91AC /* String+Extention.swift */; };
		E0F29A5C27883817000E91AC /* UIFont+Extention.swift in Sources */ = {isa = PBXBuildFile; fileRef = E0F29A5B27883817000E91AC /* UIFont+Extention.swift */; };
		E0F29A5E27884F11000E91AC /* Record.swift in Sources */ = {isa = PBXBuildFile; fileRef = E0F29A5D27884F11000E91AC /* Record.swift */; };
		E0F29A6027885200000E91AC /* RecordsCaretaker.swift in Sources */ = {isa = PBXBuildFile; fileRef = E0F29A5F27885200000E91AC /* RecordsCaretaker.swift */; };
		E0F29A652788EE89000E91AC /* ResultTableViewController.swift in Sources */ = {isa = PBXBuildFile; fileRef = E0F29A632788EE89000E91AC /* ResultTableViewController.swift */; };
		E0F29A662788EE89000E91AC /* ResultTableViewController.xib in Resources */ = {isa = PBXBuildFile; fileRef = E0F29A642788EE89000E91AC /* ResultTableViewController.xib */; };
		E0F29A692788EEA3000E91AC /* ResultTableViewCell.swift in Sources */ = {isa = PBXBuildFile; fileRef = E0F29A672788EEA3000E91AC /* ResultTableViewCell.swift */; };
		E0F29A6A2788EEA3000E91AC /* ResultTableViewCell.xib in Resources */ = {isa = PBXBuildFile; fileRef = E0F29A682788EEA3000E91AC /* ResultTableViewCell.xib */; };
		E0F29A6D278B68F5000E91AC /* QuestionsQueueStrategy.swift in Sources */ = {isa = PBXBuildFile; fileRef = E0F29A6C278B68F5000E91AC /* QuestionsQueueStrategy.swift */; };
		E0F29A6F278B6A56000E91AC /* DefaultQuestionsQueue.swift in Sources */ = {isa = PBXBuildFile; fileRef = E0F29A6E278B6A56000E91AC /* DefaultQuestionsQueue.swift */; };
		E0F29A71278B6BA7000E91AC /* RandomQuestionsQueue.swift in Sources */ = {isa = PBXBuildFile; fileRef = E0F29A70278B6BA7000E91AC /* RandomQuestionsQueue.swift */; };
		E0F29A75278B6EEC000E91AC /* SettingViewController.swift in Sources */ = {isa = PBXBuildFile; fileRef = E0F29A73278B6EEC000E91AC /* SettingViewController.swift */; };
		E0F29A76278B6EEC000E91AC /* SettingViewController.xib in Resources */ = {isa = PBXBuildFile; fileRef = E0F29A74278B6EEC000E91AC /* SettingViewController.xib */; };
		E0F29A79278B795A000E91AC /* Queue.swift in Sources */ = {isa = PBXBuildFile; fileRef = E0F29A78278B795A000E91AC /* Queue.swift */; };
		E0F29A7C278B8368000E91AC /* Observable.swift in Sources */ = {isa = PBXBuildFile; fileRef = E0F29A7B278B8368000E91AC /* Observable.swift */; };
		E0F29A80278CA864000E91AC /* CreationViewController.swift in Sources */ = {isa = PBXBuildFile; fileRef = E0F29A7E278CA864000E91AC /* CreationViewController.swift */; };
		E0F29A81278CA864000E91AC /* CreationViewController.xib in Resources */ = {isa = PBXBuildFile; fileRef = E0F29A7F278CA864000E91AC /* CreationViewController.xib */; };
		E0F29A83278CC0AB000E91AC /* QuestionCaretaker.swift in Sources */ = {isa = PBXBuildFile; fileRef = E0F29A82278CC0AB000E91AC /* QuestionCaretaker.swift */; };
/* End PBXBuildFile section */

/* Begin PBXFileReference section */
		E0B66011278E117000728020 /* HintUsageFacade.swift */ = {isa = PBXFileReference; lastKnownFileType = sourcecode.swift; path = HintUsageFacade.swift; sourceTree = "<group>"; };
		E0B66013278E14BA00728020 /* HintUsedFacade.swift */ = {isa = PBXFileReference; lastKnownFileType = sourcecode.swift; path = HintUsedFacade.swift; sourceTree = "<group>"; };
		E0F299FC27725E72000E91AC /* millionaire.app */ = {isa = PBXFileReference; explicitFileType = wrapper.application; includeInIndex = 0; path = millionaire.app; sourceTree = BUILT_PRODUCTS_DIR; };
		E0F299FF27725E72000E91AC /* AppDelegate.swift */ = {isa = PBXFileReference; lastKnownFileType = sourcecode.swift; path = AppDelegate.swift; sourceTree = "<group>"; };
		E0F29A0127725E72000E91AC /* SceneDelegate.swift */ = {isa = PBXFileReference; lastKnownFileType = sourcecode.swift; path = SceneDelegate.swift; sourceTree = "<group>"; };
		E0F29A0627725E72000E91AC /* Base */ = {isa = PBXFileReference; lastKnownFileType = file.storyboard; name = Base; path = Base.lproj/Main.storyboard; sourceTree = "<group>"; };
		E0F29A0827725E74000E91AC /* Assets.xcassets */ = {isa = PBXFileReference; lastKnownFileType = folder.assetcatalog; path = Assets.xcassets; sourceTree = "<group>"; };
		E0F29A0B27725E74000E91AC /* Base */ = {isa = PBXFileReference; lastKnownFileType = file.storyboard; name = Base; path = Base.lproj/LaunchScreen.storyboard; sourceTree = "<group>"; };
		E0F29A0D27725E74000E91AC /* Info.plist */ = {isa = PBXFileReference; lastKnownFileType = text.plist.xml; path = Info.plist; sourceTree = "<group>"; };
		E0F29A1427725F3B000E91AC /* Question.swift */ = {isa = PBXFileReference; lastKnownFileType = sourcecode.swift; path = Question.swift; sourceTree = "<group>"; };
		E0F29A18277265C8000E91AC /* HomeViewController.swift */ = {isa = PBXFileReference; lastKnownFileType = sourcecode.swift; path = HomeViewController.swift; sourceTree = "<group>"; };
		E0F29A19277265C8000E91AC /* HomeViewController.xib */ = {isa = PBXFileReference; lastKnownFileType = file.xib; path = HomeViewController.xib; sourceTree = "<group>"; };
		E0F29A1E27726B3F000E91AC /* UIColor+Extension.swift */ = {isa = PBXFileReference; lastKnownFileType = sourcecode.swift; path = "UIColor+Extension.swift"; sourceTree = "<group>"; };
		E0F29A20277274A6000E91AC /* Flow.swift */ = {isa = PBXFileReference; lastKnownFileType = sourcecode.swift; path = Flow.swift; sourceTree = "<group>"; };
		E0F29A22277274BB000E91AC /* Steps.swift */ = {isa = PBXFileReference; lastKnownFileType = sourcecode.swift; path = Steps.swift; sourceTree = "<group>"; };
		E0F29A24277276FA000E91AC /* GameFlow.swift */ = {isa = PBXFileReference; lastKnownFileType = sourcecode.swift; path = GameFlow.swift; sourceTree = "<group>"; };
		E0F29A2827728040000E91AC /* GameViewController.swift */ = {isa = PBXFileReference; lastKnownFileType = sourcecode.swift; path = GameViewController.swift; sourceTree = "<group>"; };
		E0F29A2927728040000E91AC /* GameViewController.xib */ = {isa = PBXFileReference; lastKnownFileType = file.xib; path = GameViewController.xib; sourceTree = "<group>"; };
		E0F29A2C2772889B000E91AC /* UIButton+Extention.swift */ = {isa = PBXFileReference; lastKnownFileType = sourcecode.swift; path = "UIButton+Extention.swift"; sourceTree = "<group>"; };
		E0F29A2E27728BFE000E91AC /* UIImageView+Extention.swift */ = {isa = PBXFileReference; lastKnownFileType = sourcecode.swift; path = "UIImageView+Extention.swift"; sourceTree = "<group>"; };
		E0F29A492784C8A5000E91AC /* QuestionSource.swift */ = {isa = PBXFileReference; lastKnownFileType = sourcecode.swift; path = QuestionSource.swift; sourceTree = "<group>"; };
		E0F29A4B27877D89000E91AC /* GameSession.swift */ = {isa = PBXFileReference; lastKnownFileType = sourcecode.swift; path = GameSession.swift; sourceTree = "<group>"; };
		E0F29A4D27878027000E91AC /* Game.swift */ = {isa = PBXFileReference; lastKnownFileType = sourcecode.swift; path = Game.swift; sourceTree = "<group>"; };
		E0F29A5027878475000E91AC /* GameDelegate.swift */ = {isa = PBXFileReference; lastKnownFileType = sourcecode.swift; path = GameDelegate.swift; sourceTree = "<group>"; };
		E0F29A522787862D000E91AC /* GameScene.swift */ = {isa = PBXFileReference; lastKnownFileType = sourcecode.swift; path = GameScene.swift; sourceTree = "<group>"; };
		E0F29A55278836CA000E91AC /* InfoPopUpViewController.swift */ = {isa = PBXFileReference; fileEncoding = 4; lastKnownFileType = sourcecode.swift; path = InfoPopUpViewController.swift; sourceTree = "<group>"; };
		E0F29A56278836CA000E91AC /* InfoPopUpViewController.xib */ = {isa = PBXFileReference; fileEncoding = 4; lastKnownFileType = file.xib; path = InfoPopUpViewController.xib; sourceTree = "<group>"; };
		E0F29A59278837A0000E91AC /* String+Extention.swift */ = {isa = PBXFileReference; lastKnownFileType = sourcecode.swift; path = "String+Extention.swift"; sourceTree = "<group>"; };
		E0F29A5B27883817000E91AC /* UIFont+Extention.swift */ = {isa = PBXFileReference; lastKnownFileType = sourcecode.swift; path = "UIFont+Extention.swift"; sourceTree = "<group>"; };
		E0F29A5D27884F11000E91AC /* Record.swift */ = {isa = PBXFileReference; lastKnownFileType = sourcecode.swift; path = Record.swift; sourceTree = "<group>"; };
		E0F29A5F27885200000E91AC /* RecordsCaretaker.swift */ = {isa = PBXFileReference; lastKnownFileType = sourcecode.swift; path = RecordsCaretaker.swift; sourceTree = "<group>"; };
		E0F29A632788EE89000E91AC /* ResultTableViewController.swift */ = {isa = PBXFileReference; lastKnownFileType = sourcecode.swift; path = ResultTableViewController.swift; sourceTree = "<group>"; };
		E0F29A642788EE89000E91AC /* ResultTableViewController.xib */ = {isa = PBXFileReference; lastKnownFileType = file.xib; path = ResultTableViewController.xib; sourceTree = "<group>"; };
		E0F29A672788EEA3000E91AC /* ResultTableViewCell.swift */ = {isa = PBXFileReference; lastKnownFileType = sourcecode.swift; path = ResultTableViewCell.swift; sourceTree = "<group>"; };
		E0F29A682788EEA3000E91AC /* ResultTableViewCell.xib */ = {isa = PBXFileReference; lastKnownFileType = file.xib; path = ResultTableViewCell.xib; sourceTree = "<group>"; };
		E0F29A6C278B68F5000E91AC /* QuestionsQueueStrategy.swift */ = {isa = PBXFileReference; lastKnownFileType = sourcecode.swift; path = QuestionsQueueStrategy.swift; sourceTree = "<group>"; };
		E0F29A6E278B6A56000E91AC /* DefaultQuestionsQueue.swift */ = {isa = PBXFileReference; lastKnownFileType = sourcecode.swift; path = DefaultQuestionsQueue.swift; sourceTree = "<group>"; };
		E0F29A70278B6BA7000E91AC /* RandomQuestionsQueue.swift */ = {isa = PBXFileReference; lastKnownFileType = sourcecode.swift; path = RandomQuestionsQueue.swift; sourceTree = "<group>"; };
		E0F29A73278B6EEC000E91AC /* SettingViewController.swift */ = {isa = PBXFileReference; lastKnownFileType = sourcecode.swift; path = SettingViewController.swift; sourceTree = "<group>"; };
		E0F29A74278B6EEC000E91AC /* SettingViewController.xib */ = {isa = PBXFileReference; lastKnownFileType = file.xib; path = SettingViewController.xib; sourceTree = "<group>"; };
		E0F29A78278B795A000E91AC /* Queue.swift */ = {isa = PBXFileReference; lastKnownFileType = sourcecode.swift; path = Queue.swift; sourceTree = "<group>"; };
		E0F29A7B278B8368000E91AC /* Observable.swift */ = {isa = PBXFileReference; lastKnownFileType = sourcecode.swift; path = Observable.swift; sourceTree = "<group>"; };
		E0F29A7E278CA864000E91AC /* CreationViewController.swift */ = {isa = PBXFileReference; lastKnownFileType = sourcecode.swift; path = CreationViewController.swift; sourceTree = "<group>"; };
		E0F29A7F278CA864000E91AC /* CreationViewController.xib */ = {isa = PBXFileReference; lastKnownFileType = file.xib; path = CreationViewController.xib; sourceTree = "<group>"; };
		E0F29A82278CC0AB000E91AC /* QuestionCaretaker.swift */ = {isa = PBXFileReference; lastKnownFileType = sourcecode.swift; path = QuestionCaretaker.swift; sourceTree = "<group>"; };
/* End PBXFileReference section */

/* Begin PBXFrameworksBuildPhase section */
		E0F299F927725E72000E91AC /* Frameworks */ = {
			isa = PBXFrameworksBuildPhase;
			buildActionMask = 2147483647;
			files = (
			);
			runOnlyForDeploymentPostprocessing = 0;
		};
/* End PBXFrameworksBuildPhase section */

/* Begin PBXGroup section */
		E0B66010278E115A00728020 /* Pattern */ = {
			isa = PBXGroup;
			children = (
				E0B66011278E117000728020 /* HintUsageFacade.swift */,
			);
			path = Pattern;
			sourceTree = "<group>";
		};
		E0F299F327725E72000E91AC = {
			isa = PBXGroup;
			children = (
				E0F299FE27725E72000E91AC /* millionaire */,
				E0F299FD27725E72000E91AC /* Products */,
			);
			sourceTree = "<group>";
		};
		E0F299FD27725E72000E91AC /* Products */ = {
			isa = PBXGroup;
			children = (
				E0F299FC27725E72000E91AC /* millionaire.app */,
			);
			name = Products;
			sourceTree = "<group>";
		};
		E0F299FE27725E72000E91AC /* millionaire */ = {
			isa = PBXGroup;
			children = (
				E0B66010278E115A00728020 /* Pattern */,
				E0F29A7A278B8348000E91AC /* Observable */,
				E0F29A6B278B6843000E91AC /* Protocol */,
				E0F29A482784C878000E91AC /* Source */,
				E0F29A1D27726B15000E91AC /* Extensions */,
				E0F29A1C277265DD000E91AC /* Flow */,
				E0F29A162772657B000E91AC /* Scenes */,
				E0F29A1327725F2B000E91AC /* Structs */,
				E0F299FF27725E72000E91AC /* AppDelegate.swift */,
				E0F29A0127725E72000E91AC /* SceneDelegate.swift */,
				E0F29A0527725E72000E91AC /* Main.storyboard */,
				E0F29A0827725E74000E91AC /* Assets.xcassets */,
				E0F29A0A27725E74000E91AC /* LaunchScreen.storyboard */,
				E0F29A0D27725E74000E91AC /* Info.plist */,
			);
			path = millionaire;
			sourceTree = "<group>";
		};
		E0F29A1327725F2B000E91AC /* Structs */ = {
			isa = PBXGroup;
			children = (
				E0F29A1427725F3B000E91AC /* Question.swift */,
				E0F29A4B27877D89000E91AC /* GameSession.swift */,
				E0F29A4D27878027000E91AC /* Game.swift */,
				E0F29A522787862D000E91AC /* GameScene.swift */,
				E0F29A5D27884F11000E91AC /* Record.swift */,
			);
			path = Structs;
			sourceTree = "<group>";
		};
		E0F29A162772657B000E91AC /* Scenes */ = {
			isa = PBXGroup;
			children = (
				E0F29A7D278C9C08000E91AC /* Creation */,
				E0F29A72278B6EBF000E91AC /* Setting */,
				E0F29A612788EE62000E91AC /* Result */,
				E0F29A54278836CA000E91AC /* InfoPopUpViewController */,
				E0F29A2627727FC2000E91AC /* Game */,
				E0F29A1727726583000E91AC /* Home */,
			);
			path = Scenes;
			sourceTree = "<group>";
		};
		E0F29A1727726583000E91AC /* Home */ = {
			isa = PBXGroup;
			children = (
				E0F29A18277265C8000E91AC /* HomeViewController.swift */,
				E0F29A19277265C8000E91AC /* HomeViewController.xib */,
			);
			path = Home;
			sourceTree = "<group>";
		};
		E0F29A1C277265DD000E91AC /* Flow */ = {
			isa = PBXGroup;
			children = (
				E0F29A20277274A6000E91AC /* Flow.swift */,
				E0F29A22277274BB000E91AC /* Steps.swift */,
				E0F29A24277276FA000E91AC /* GameFlow.swift */,
			);
			path = Flow;
			sourceTree = "<group>";
		};
		E0F29A1D27726B15000E91AC /* Extensions */ = {
			isa = PBXGroup;
			children = (
				E0F29A1E27726B3F000E91AC /* UIColor+Extension.swift */,
				E0F29A2C2772889B000E91AC /* UIButton+Extention.swift */,
				E0F29A2E27728BFE000E91AC /* UIImageView+Extention.swift */,
				E0F29A59278837A0000E91AC /* String+Extention.swift */,
				E0F29A5B27883817000E91AC /* UIFont+Extention.swift */,
			);
			path = Extensions;
			sourceTree = "<group>";
		};
		E0F29A2627727FC2000E91AC /* Game */ = {
			isa = PBXGroup;
			children = (
				E0F29A4F27878432000E91AC /* Delegate */,
				E0F29A2827728040000E91AC /* GameViewController.swift */,
				E0F29A2927728040000E91AC /* GameViewController.xib */,
			);
			path = Game;
			sourceTree = "<group>";
		};
		E0F29A482784C878000E91AC /* Source */ = {
			isa = PBXGroup;
			children = (
				E0F29A492784C8A5000E91AC /* QuestionSource.swift */,
				E0F29A5F27885200000E91AC /* RecordsCaretaker.swift */,
				E0F29A6E278B6A56000E91AC /* DefaultQuestionsQueue.swift */,
				E0F29A70278B6BA7000E91AC /* RandomQuestionsQueue.swift */,
				E0F29A82278CC0AB000E91AC /* QuestionCaretaker.swift */,
			);
			path = Source;
			sourceTree = "<group>";
		};
		E0F29A4F27878432000E91AC /* Delegate */ = {
			isa = PBXGroup;
			children = (
				E0F29A5027878475000E91AC /* GameDelegate.swift */,
			);
			path = Delegate;
			sourceTree = "<group>";
		};
		E0F29A54278836CA000E91AC /* InfoPopUpViewController */ = {
			isa = PBXGroup;
			children = (
				E0F29A55278836CA000E91AC /* InfoPopUpViewController.swift */,
				E0F29A56278836CA000E91AC /* InfoPopUpViewController.xib */,
			);
			path = InfoPopUpViewController;
			sourceTree = "<group>";
		};
		E0F29A612788EE62000E91AC /* Result */ = {
			isa = PBXGroup;
			children = (
				E0F29A622788EE71000E91AC /* Cell */,
				E0F29A632788EE89000E91AC /* ResultTableViewController.swift */,
				E0F29A642788EE89000E91AC /* ResultTableViewController.xib */,
			);
			path = Result;
			sourceTree = "<group>";
		};
		E0F29A622788EE71000E91AC /* Cell */ = {
			isa = PBXGroup;
			children = (
				E0F29A672788EEA3000E91AC /* ResultTableViewCell.swift */,
				E0F29A682788EEA3000E91AC /* ResultTableViewCell.xib */,
			);
			path = Cell;
			sourceTree = "<group>";
		};
		E0F29A6B278B6843000E91AC /* Protocol */ = {
			isa = PBXGroup;
			children = (
				E0F29A6C278B68F5000E91AC /* QuestionsQueueStrategy.swift */,
				E0B66013278E14BA00728020 /* HintUsedFacade.swift */,
			);
			path = Protocol;
			sourceTree = "<group>";
		};
		E0F29A72278B6EBF000E91AC /* Setting */ = {
			isa = PBXGroup;
			children = (
				E0F29A77278B7943000E91AC /* Enums */,
				E0F29A73278B6EEC000E91AC /* SettingViewController.swift */,
				E0F29A74278B6EEC000E91AC /* SettingViewController.xib */,
			);
			path = Setting;
			sourceTree = "<group>";
		};
		E0F29A77278B7943000E91AC /* Enums */ = {
			isa = PBXGroup;
			children = (
				E0F29A78278B795A000E91AC /* Queue.swift */,
			);
			path = Enums;
			sourceTree = "<group>";
		};
		E0F29A7A278B8348000E91AC /* Observable */ = {
			isa = PBXGroup;
			children = (
				E0F29A7B278B8368000E91AC /* Observable.swift */,
			);
			path = Observable;
			sourceTree = "<group>";
		};
		E0F29A7D278C9C08000E91AC /* Creation */ = {
			isa = PBXGroup;
			children = (
				E0F29A7E278CA864000E91AC /* CreationViewController.swift */,
				E0F29A7F278CA864000E91AC /* CreationViewController.xib */,
			);
			path = Creation;
			sourceTree = "<group>";
		};
/* End PBXGroup section */

/* Begin PBXNativeTarget section */
		E0F299FB27725E72000E91AC /* millionaire */ = {
			isa = PBXNativeTarget;
			buildConfigurationList = E0F29A1027725E74000E91AC /* Build configuration list for PBXNativeTarget "millionaire" */;
			buildPhases = (
				E0F299F827725E72000E91AC /* Sources */,
				E0F299F927725E72000E91AC /* Frameworks */,
				E0F299FA27725E72000E91AC /* Resources */,
			);
			buildRules = (
			);
			dependencies = (
			);
			name = millionaire;
			productName = millionaire;
			productReference = E0F299FC27725E72000E91AC /* millionaire.app */;
			productType = "com.apple.product-type.application";
		};
/* End PBXNativeTarget section */

/* Begin PBXProject section */
		E0F299F427725E72000E91AC /* Project object */ = {
			isa = PBXProject;
			attributes = {
				BuildIndependentTargetsInParallel = 1;
				LastSwiftUpdateCheck = 1320;
				LastUpgradeCheck = 1320;
				TargetAttributes = {
					E0F299FB27725E72000E91AC = {
						CreatedOnToolsVersion = 13.2.1;
					};
				};
			};
			buildConfigurationList = E0F299F727725E72000E91AC /* Build configuration list for PBXProject "millionaire" */;
			compatibilityVersion = "Xcode 13.0";
			developmentRegion = en;
			hasScannedForEncodings = 0;
			knownRegions = (
				en,
				Base,
			);
			mainGroup = E0F299F327725E72000E91AC;
			productRefGroup = E0F299FD27725E72000E91AC /* Products */;
			projectDirPath = "";
			projectRoot = "";
			targets = (
				E0F299FB27725E72000E91AC /* millionaire */,
			);
		};
/* End PBXProject section */

/* Begin PBXResourcesBuildPhase section */
		E0F299FA27725E72000E91AC /* Resources */ = {
			isa = PBXResourcesBuildPhase;
			buildActionMask = 2147483647;
			files = (
				E0F29A0C27725E74000E91AC /* LaunchScreen.storyboard in Resources */,
				E0F29A76278B6EEC000E91AC /* SettingViewController.xib in Resources */,
				E0F29A0927725E74000E91AC /* Assets.xcassets in Resources */,
				E0F29A6A2788EEA3000E91AC /* ResultTableViewCell.xib in Resources */,
				E0F29A0727725E72000E91AC /* Main.storyboard in Resources */,
				E0F29A81278CA864000E91AC /* CreationViewController.xib in Resources */,
				E0F29A1B277265C8000E91AC /* HomeViewController.xib in Resources */,
				E0F29A2B27728040000E91AC /* GameViewController.xib in Resources */,
				E0F29A58278836CB000E91AC /* InfoPopUpViewController.xib in Resources */,
				E0F29A662788EE89000E91AC /* ResultTableViewController.xib in Resources */,
			);
			runOnlyForDeploymentPostprocessing = 0;
		};
/* End PBXResourcesBuildPhase section */

/* Begin PBXSourcesBuildPhase section */
		E0F299F827725E72000E91AC /* Sources */ = {
			isa = PBXSourcesBuildPhase;
			buildActionMask = 2147483647;
			files = (
				E0F29A4A2784C8A5000E91AC /* QuestionSource.swift in Sources */,
				E0F29A692788EEA3000E91AC /* ResultTableViewCell.swift in Sources */,
				E0F29A6027885200000E91AC /* RecordsCaretaker.swift in Sources */,
				E0F29A1527725F3B000E91AC /* Question.swift in Sources */,
				E0F29A5E27884F11000E91AC /* Record.swift in Sources */,
				E0F29A80278CA864000E91AC /* CreationViewController.swift in Sources */,
				E0F29A532787862D000E91AC /* GameScene.swift in Sources */,
				E0F29A23277274BB000E91AC /* Steps.swift in Sources */,
				E0F29A2D2772889B000E91AC /* UIButton+Extention.swift in Sources */,
				E0F29A0027725E72000E91AC /* AppDelegate.swift in Sources */,
				E0F29A6F278B6A56000E91AC /* DefaultQuestionsQueue.swift in Sources */,
				E0F29A5C27883817000E91AC /* UIFont+Extention.swift in Sources */,
				E0B66012278E117000728020 /* HintUsageFacade.swift in Sources */,
				E0F29A6D278B68F5000E91AC /* QuestionsQueueStrategy.swift in Sources */,
				E0F29A2F27728BFE000E91AC /* UIImageView+Extention.swift in Sources */,
				E0F29A25277276FA000E91AC /* GameFlow.swift in Sources */,
				E0F29A4C27877D89000E91AC /* GameSession.swift in Sources */,
				E0F29A79278B795A000E91AC /* Queue.swift in Sources */,
				E0F29A2A27728040000E91AC /* GameViewController.swift in Sources */,
				E0B66014278E14BA00728020 /* HintUsedFacade.swift in Sources */,
				E0F29A4E27878027000E91AC /* Game.swift in Sources */,
				E0F29A83278CC0AB000E91AC /* QuestionCaretaker.swift in Sources */,
				E0F29A0227725E72000E91AC /* SceneDelegate.swift in Sources */,
				E0F29A57278836CB000E91AC /* InfoPopUpViewController.swift in Sources */,
				E0F29A5A278837A0000E91AC /* String+Extention.swift in Sources */,
				E0F29A71278B6BA7000E91AC /* RandomQuestionsQueue.swift in Sources */,
				E0F29A21277274A6000E91AC /* Flow.swift in Sources */,
				E0F29A5127878475000E91AC /* GameDelegate.swift in Sources */,
				E0F29A7C278B8368000E91AC /* Observable.swift in Sources */,
				E0F29A75278B6EEC000E91AC /* SettingViewController.swift in Sources */,
				E0F29A1F27726B3F000E91AC /* UIColor+Extension.swift in Sources */,
				E0F29A652788EE89000E91AC /* ResultTableViewController.swift in Sources */,
				E0F29A1A277265C8000E91AC /* HomeViewController.swift in Sources */,
			);
			runOnlyForDeploymentPostprocessing = 0;
		};
/* End PBXSourcesBuildPhase section */

/* Begin PBXVariantGroup section */
		E0F29A0527725E72000E91AC /* Main.storyboard */ = {
			isa = PBXVariantGroup;
			children = (
				E0F29A0627725E72000E91AC /* Base */,
			);
			name = Main.storyboard;
			sourceTree = "<group>";
		};
		E0F29A0A27725E74000E91AC /* LaunchScreen.storyboard */ = {
			isa = PBXVariantGroup;
			children = (
				E0F29A0B27725E74000E91AC /* Base */,
			);
			name = LaunchScreen.storyboard;
			sourceTree = "<group>";
		};
/* End PBXVariantGroup section */

/* Begin XCBuildConfiguration section */
		E0F29A0E27725E74000E91AC /* Debug */ = {
			isa = XCBuildConfiguration;
			buildSettings = {
				ALWAYS_SEARCH_USER_PATHS = NO;
				CLANG_ANALYZER_NONNULL = YES;
				CLANG_ANALYZER_NUMBER_OBJECT_CONVERSION = YES_AGGRESSIVE;
				CLANG_CXX_LANGUAGE_STANDARD = "gnu++17";
				CLANG_CXX_LIBRARY = "libc++";
				CLANG_ENABLE_MODULES = YES;
				CLANG_ENABLE_OBJC_ARC = YES;
				CLANG_ENABLE_OBJC_WEAK = YES;
				CLANG_WARN_BLOCK_CAPTURE_AUTORELEASING = YES;
				CLANG_WARN_BOOL_CONVERSION = YES;
				CLANG_WARN_COMMA = YES;
				CLANG_WARN_CONSTANT_CONVERSION = YES;
				CLANG_WARN_DEPRECATED_OBJC_IMPLEMENTATIONS = YES;
				CLANG_WARN_DIRECT_OBJC_ISA_USAGE = YES_ERROR;
				CLANG_WARN_DOCUMENTATION_COMMENTS = YES;
				CLANG_WARN_EMPTY_BODY = YES;
				CLANG_WARN_ENUM_CONVERSION = YES;
				CLANG_WARN_INFINITE_RECURSION = YES;
				CLANG_WARN_INT_CONVERSION = YES;
				CLANG_WARN_NON_LITERAL_NULL_CONVERSION = YES;
				CLANG_WARN_OBJC_IMPLICIT_RETAIN_SELF = YES;
				CLANG_WARN_OBJC_LITERAL_CONVERSION = YES;
				CLANG_WARN_OBJC_ROOT_CLASS = YES_ERROR;
				CLANG_WARN_QUOTED_INCLUDE_IN_FRAMEWORK_HEADER = YES;
				CLANG_WARN_RANGE_LOOP_ANALYSIS = YES;
				CLANG_WARN_STRICT_PROTOTYPES = YES;
				CLANG_WARN_SUSPICIOUS_MOVE = YES;
				CLANG_WARN_UNGUARDED_AVAILABILITY = YES_AGGRESSIVE;
				CLANG_WARN_UNREACHABLE_CODE = YES;
				CLANG_WARN__DUPLICATE_METHOD_MATCH = YES;
				COPY_PHASE_STRIP = NO;
				DEBUG_INFORMATION_FORMAT = dwarf;
				ENABLE_STRICT_OBJC_MSGSEND = YES;
				ENABLE_TESTABILITY = YES;
				GCC_C_LANGUAGE_STANDARD = gnu11;
				GCC_DYNAMIC_NO_PIC = NO;
				GCC_NO_COMMON_BLOCKS = YES;
				GCC_OPTIMIZATION_LEVEL = 0;
				GCC_PREPROCESSOR_DEFINITIONS = (
					"DEBUG=1",
					"$(inherited)",
				);
				GCC_WARN_64_TO_32_BIT_CONVERSION = YES;
				GCC_WARN_ABOUT_RETURN_TYPE = YES_ERROR;
				GCC_WARN_UNDECLARED_SELECTOR = YES;
				GCC_WARN_UNINITIALIZED_AUTOS = YES_AGGRESSIVE;
				GCC_WARN_UNUSED_FUNCTION = YES;
				GCC_WARN_UNUSED_VARIABLE = YES;
				IPHONEOS_DEPLOYMENT_TARGET = 15.2;
				MTL_ENABLE_DEBUG_INFO = INCLUDE_SOURCE;
				MTL_FAST_MATH = YES;
				ONLY_ACTIVE_ARCH = YES;
				SDKROOT = iphoneos;
				SWIFT_ACTIVE_COMPILATION_CONDITIONS = DEBUG;
				SWIFT_OPTIMIZATION_LEVEL = "-Onone";
			};
			name = Debug;
		};
		E0F29A0F27725E74000E91AC /* Release */ = {
			isa = XCBuildConfiguration;
			buildSettings = {
				ALWAYS_SEARCH_USER_PATHS = NO;
				CLANG_ANALYZER_NONNULL = YES;
				CLANG_ANALYZER_NUMBER_OBJECT_CONVERSION = YES_AGGRESSIVE;
				CLANG_CXX_LANGUAGE_STANDARD = "gnu++17";
				CLANG_CXX_LIBRARY = "libc++";
				CLANG_ENABLE_MODULES = YES;
				CLANG_ENABLE_OBJC_ARC = YES;
				CLANG_ENABLE_OBJC_WEAK = YES;
				CLANG_WARN_BLOCK_CAPTURE_AUTORELEASING = YES;
				CLANG_WARN_BOOL_CONVERSION = YES;
				CLANG_WARN_COMMA = YES;
				CLANG_WARN_CONSTANT_CONVERSION = YES;
				CLANG_WARN_DEPRECATED_OBJC_IMPLEMENTATIONS = YES;
				CLANG_WARN_DIRECT_OBJC_ISA_USAGE = YES_ERROR;
				CLANG_WARN_DOCUMENTATION_COMMENTS = YES;
				CLANG_WARN_EMPTY_BODY = YES;
				CLANG_WARN_ENUM_CONVERSION = YES;
				CLANG_WARN_INFINITE_RECURSION = YES;
				CLANG_WARN_INT_CONVERSION = YES;
				CLANG_WARN_NON_LITERAL_NULL_CONVERSION = YES;
				CLANG_WARN_OBJC_IMPLICIT_RETAIN_SELF = YES;
				CLANG_WARN_OBJC_LITERAL_CONVERSION = YES;
				CLANG_WARN_OBJC_ROOT_CLASS = YES_ERROR;
				CLANG_WARN_QUOTED_INCLUDE_IN_FRAMEWORK_HEADER = YES;
				CLANG_WARN_RANGE_LOOP_ANALYSIS = YES;
				CLANG_WARN_STRICT_PROTOTYPES = YES;
				CLANG_WARN_SUSPICIOUS_MOVE = YES;
				CLANG_WARN_UNGUARDED_AVAILABILITY = YES_AGGRESSIVE;
				CLANG_WARN_UNREACHABLE_CODE = YES;
				CLANG_WARN__DUPLICATE_METHOD_MATCH = YES;
				COPY_PHASE_STRIP = NO;
				DEBUG_INFORMATION_FORMAT = "dwarf-with-dsym";
				ENABLE_NS_ASSERTIONS = NO;
				ENABLE_STRICT_OBJC_MSGSEND = YES;
				GCC_C_LANGUAGE_STANDARD = gnu11;
				GCC_NO_COMMON_BLOCKS = YES;
				GCC_WARN_64_TO_32_BIT_CONVERSION = YES;
				GCC_WARN_ABOUT_RETURN_TYPE = YES_ERROR;
				GCC_WARN_UNDECLARED_SELECTOR = YES;
				GCC_WARN_UNINITIALIZED_AUTOS = YES_AGGRESSIVE;
				GCC_WARN_UNUSED_FUNCTION = YES;
				GCC_WARN_UNUSED_VARIABLE = YES;
				IPHONEOS_DEPLOYMENT_TARGET = 15.2;
				MTL_ENABLE_DEBUG_INFO = NO;
				MTL_FAST_MATH = YES;
				SDKROOT = iphoneos;
				SWIFT_COMPILATION_MODE = wholemodule;
				SWIFT_OPTIMIZATION_LEVEL = "-O";
				VALIDATE_PRODUCT = YES;
			};
			name = Release;
		};
		E0F29A1127725E74000E91AC /* Debug */ = {
			isa = XCBuildConfiguration;
			buildSettings = {
				ASSETCATALOG_COMPILER_APPICON_NAME = AppIcon;
				ASSETCATALOG_COMPILER_GLOBAL_ACCENT_COLOR_NAME = AccentColor;
				CODE_SIGN_STYLE = Automatic;
				CURRENT_PROJECT_VERSION = 1;
				DEVELOPMENT_TEAM = 7BZ6VJ9448;
				GENERATE_INFOPLIST_FILE = YES;
				INFOPLIST_FILE = millionaire/Info.plist;
				INFOPLIST_KEY_UIApplicationSupportsIndirectInputEvents = YES;
				INFOPLIST_KEY_UILaunchStoryboardName = LaunchScreen;
				INFOPLIST_KEY_UIMainStoryboardFile = Main;
				INFOPLIST_KEY_UISupportedInterfaceOrientations_iPad = "UIInterfaceOrientationPortrait UIInterfaceOrientationPortraitUpsideDown UIInterfaceOrientationLandscapeLeft UIInterfaceOrientationLandscapeRight";
				INFOPLIST_KEY_UISupportedInterfaceOrientations_iPhone = "UIInterfaceOrientationPortrait UIInterfaceOrientationLandscapeLeft UIInterfaceOrientationLandscapeRight";
				LD_RUNPATH_SEARCH_PATHS = (
					"$(inherited)",
					"@executable_path/Frameworks",
				);
				MARKETING_VERSION = 1.0;
				PRODUCT_BUNDLE_IDENTIFIER = com.geekBrains.millionaire;
				PRODUCT_NAME = "$(TARGET_NAME)";
				SWIFT_EMIT_LOC_STRINGS = YES;
				SWIFT_VERSION = 5.0;
				TARGETED_DEVICE_FAMILY = "1,2";
			};
			name = Debug;
		};
		E0F29A1227725E74000E91AC /* Release */ = {
			isa = XCBuildConfiguration;
			buildSettings = {
				ASSETCATALOG_COMPILER_APPICON_NAME = AppIcon;
				ASSETCATALOG_COMPILER_GLOBAL_ACCENT_COLOR_NAME = AccentColor;
				CODE_SIGN_STYLE = Automatic;
				CURRENT_PROJECT_VERSION = 1;
				DEVELOPMENT_TEAM = 7BZ6VJ9448;
				GENERATE_INFOPLIST_FILE = YES;
				INFOPLIST_FILE = millionaire/Info.plist;
				INFOPLIST_KEY_UIApplicationSupportsIndirectInputEvents = YES;
				INFOPLIST_KEY_UILaunchStoryboardName = LaunchScreen;
				INFOPLIST_KEY_UIMainStoryboardFile = Main;
				INFOPLIST_KEY_UISupportedInterfaceOrientations_iPad = "UIInterfaceOrientationPortrait UIInterfaceOrientationPortraitUpsideDown UIInterfaceOrientationLandscapeLeft UIInterfaceOrientationLandscapeRight";
				INFOPLIST_KEY_UISupportedInterfaceOrientations_iPhone = "UIInterfaceOrientationPortrait UIInterfaceOrientationLandscapeLeft UIInterfaceOrientationLandscapeRight";
				LD_RUNPATH_SEARCH_PATHS = (
					"$(inherited)",
					"@executable_path/Frameworks",
				);
				MARKETING_VERSION = 1.0;
				PRODUCT_BUNDLE_IDENTIFIER = com.geekBrains.millionaire;
				PRODUCT_NAME = "$(TARGET_NAME)";
				SWIFT_EMIT_LOC_STRINGS = YES;
				SWIFT_VERSION = 5.0;
				TARGETED_DEVICE_FAMILY = "1,2";
			};
			name = Release;
		};
/* End XCBuildConfiguration section */

/* Begin XCConfigurationList section */
		E0F299F727725E72000E91AC /* Build configuration list for PBXProject "millionaire" */ = {
			isa = XCConfigurationList;
			buildConfigurations = (
				E0F29A0E27725E74000E91AC /* Debug */,
				E0F29A0F27725E74000E91AC /* Release */,
			);
			defaultConfigurationIsVisible = 0;
			defaultConfigurationName = Release;
		};
		E0F29A1027725E74000E91AC /* Build configuration list for PBXNativeTarget "millionaire" */ = {
			isa = XCConfigurationList;
			buildConfigurations = (
				E0F29A1127725E74000E91AC /* Debug */,
				E0F29A1227725E74000E91AC /* Release */,
			);
			defaultConfigurationIsVisible = 0;
			defaultConfigurationName = Release;
		};
/* End XCConfigurationList section */
	};
	rootObject = E0F299F427725E72000E91AC /* Project object */;
}
